
Microsoft Visual Studio Solution File, Format Version 12.00
# Visual Studio Version 17
VisualStudioVersion = 17.7.34024.191
MinimumVisualStudioVersion = 10.0.40219.1
Project("{FAE04EC0-301F-11D3-BF4B-00C04F79EFBC}") = "Services", "Services\Services.csproj", "{F3FC943A-C126-46F9-9596-DA6C858C098E}"
EndProject
Project("{FAE04EC0-301F-11D3-BF4B-00C04F79EFBC}") = "BookStore_HoangNT", "BookStore_HoangNT\BookStore_HoangNT.csproj", "{44D634E3-DF64-4470-B5E4-2278F61FDA96}"
EndProject
Project("{FAE04EC0-301F-11D3-BF4B-00C04F79EFBC}") = "Repositories", "Repositories\Repositories.csproj", "{C52375D4-B1AD-4234-80CD-AB1363A9DEDA}"
EndProject
Global
	GlobalSection(SolutionConfigurationPlatforms) = preSolution
		Debug|Any CPU = Debug|Any CPU
		Release|Any CPU = Release|Any CPU
	EndGlobalSection
	GlobalSection(ProjectConfigurationPlatforms) = postSolution
		{F3FC943A-C126-46F9-9596-DA6C858C098E}.Debug|Any CPU.ActiveCfg = Debug|Any CPU
		{F3FC943A-C126-46F9-9596-DA6C858C098E}.Debug|Any CPU.Build.0 = Debug|Any CPU
		{F3FC943A-C126-46F9-9596-DA6C858C098E}.Release|Any CPU.ActiveCfg = Release|Any CPU
		{F3FC943A-C126-46F9-9596-DA6C858C098E}.Release|Any CPU.Build.0 = Release|Any CPU
		{44D634E3-DF64-4470-B5E4-2278F61FDA96}.Debug|Any CPU.ActiveCfg = Debug|Any CPU
		{44D634E3-DF64-4470-B5E4-2278F61FDA96}.Debug|Any CPU.Build.0 = Debug|Any CPU
		{44D634E3-DF64-4470-B5E4-2278F61FDA96}.Release|Any CPU.ActiveCfg = Release|Any CPU
		{44D634E3-DF64-4470-B5E4-2278F61FDA96}.Release|Any CPU.Build.0 = Release|Any CPU
		{C52375D4-B1AD-4234-80CD-AB1363A9DEDA}.Debug|Any CPU.ActiveCfg = Debug|Any CPU
		{C52375D4-B1AD-4234-80CD-AB1363A9DEDA}.Debug|Any CPU.Build.0 = Debug|Any CPU
		{C52375D4-B1AD-4234-80CD-AB1363A9DEDA}.Release|Any CPU.ActiveCfg = Release|Any CPU
		{C52375D4-B1AD-4234-80CD-AB1363A9DEDA}.Release|Any CPU.Build.0 = Release|Any CPU
	EndGlobalSection
	GlobalSection(SolutionProperties) = preSolution
		HideSolutionNode = FALSE
	EndGlobalSection
	GlobalSection(ExtensibilityGlobals) = postSolution
		SolutionGuid = {E78DC7BE-A6D5-4232-8FF2-5E250E66E834}
	EndGlobalSection
EndGlobal
