
Microsoft Visual Studio Solution File, Format Version 12.00
# Visual Studio Version 17
VisualStudioVersion = 17.9.34622.214
MinimumVisualStudioVersion = 10.0.40219.1
Project("{FAE04EC0-301F-11D3-BF4B-00C04F79EFBC}") = "BookManagement_HoangNgocTrinh", "BookManagement_HoangNgocTrinh\BookManagement_HoangNgocTrinh.csproj", "{D34C7B9D-29F3-4EF0-A089-C2D7E34ED112}"
EndProject
Project("{FAE04EC0-301F-11D3-BF4B-00C04F79EFBC}") = "Repositories", "Repositories\Repositories.csproj", "{C91DD98F-7913-48EB-854C-CB7F7B101B78}"
EndProject
Project("{FAE04EC0-301F-11D3-BF4B-00C04F79EFBC}") = "Services", "Services\Services.csproj", "{2867939A-6069-4902-91C7-18626A659DEA}"
EndProject
Global
	GlobalSection(SolutionConfigurationPlatforms) = preSolution
		Debug|Any CPU = Debug|Any CPU
		Release|Any CPU = Release|Any CPU
	EndGlobalSection
	GlobalSection(ProjectConfigurationPlatforms) = postSolution
		{D34C7B9D-29F3-4EF0-A089-C2D7E34ED112}.Debug|Any CPU.ActiveCfg = Debug|Any CPU
		{D34C7B9D-29F3-4EF0-A089-C2D7E34ED112}.Debug|Any CPU.Build.0 = Debug|Any CPU
		{D34C7B9D-29F3-4EF0-A089-C2D7E34ED112}.Release|Any CPU.ActiveCfg = Release|Any CPU
		{D34C7B9D-29F3-4EF0-A089-C2D7E34ED112}.Release|Any CPU.Build.0 = Release|Any CPU
		{C91DD98F-7913-48EB-854C-CB7F7B101B78}.Debug|Any CPU.ActiveCfg = Debug|Any CPU
		{C91DD98F-7913-48EB-854C-CB7F7B101B78}.Debug|Any CPU.Build.0 = Debug|Any CPU
		{C91DD98F-7913-48EB-854C-CB7F7B101B78}.Release|Any CPU.ActiveCfg = Release|Any CPU
		{C91DD98F-7913-48EB-854C-CB7F7B101B78}.Release|Any CPU.Build.0 = Release|Any CPU
		{2867939A-6069-4902-91C7-18626A659DEA}.Debug|Any CPU.ActiveCfg = Debug|Any CPU
		{2867939A-6069-4902-91C7-18626A659DEA}.Debug|Any CPU.Build.0 = Debug|Any CPU
		{2867939A-6069-4902-91C7-18626A659DEA}.Release|Any CPU.ActiveCfg = Release|Any CPU
		{2867939A-6069-4902-91C7-18626A659DEA}.Release|Any CPU.Build.0 = Release|Any CPU
	EndGlobalSection
	GlobalSection(SolutionProperties) = preSolution
		HideSolutionNode = FALSE
	EndGlobalSection
	GlobalSection(ExtensibilityGlobals) = postSolution
		SolutionGuid = {D4A8FABB-1CA4-4987-B718-9A0693D6D590}
	EndGlobalSection
EndGlobal
