
Microsoft Visual Studio Solution File, Format Version 12.00
# Visual Studio Version 16
VisualStudioVersion = 25.0.1706.7
MinimumVisualStudioVersion = 10.0.40219.1
Project("{FAE04EC0-301F-11D3-BF4B-00C04F79EFBC}") = "PassByDelegateV1", "PassByDelegateV1.csproj", "{7FACB89C-B5B0-4CEC-90C3-6179FF3C0A93}"
EndProject
Project("{FAE04EC0-301F-11D3-BF4B-00C04F79EFBC}") = "PassByDelegateV2", "..\PassByDelegateV2\PassByDelegateV2.csproj", "{10EB8A1B-8E49-43AD-9B06-AF2AA0D21AFF}"
EndProject
Project("{FAE04EC0-301F-11D3-BF4B-00C04F79EFBC}") = "PassByDelegateV3", "..\PassByDelegateV3\PassByDelegateV3.csproj", "{FE12CCAE-12BC-4B12-8ADA-C74780E7D73C}"
EndProject
Project("{FAE04EC0-301F-11D3-BF4B-00C04F79EFBC}") = "PassByDelegateV4", "..\PassByDelegateV4\PassByDelegateV4.csproj", "{F51ED0B4-54EE-4E10-BB3C-F2AA81FF5D05}"
EndProject
Project("{FAE04EC0-301F-11D3-BF4B-00C04F79EFBC}") = "PassByAction", "..\PassByAction\PassByAction.csproj", "{E3B2668E-76A0-47D2-9EF1-9816D60E9A64}"
EndProject
Project("{FAE04EC0-301F-11D3-BF4B-00C04F79EFBC}") = "PassByActionGenericV1", "..\PassByActionGenericV1\PassByActionGenericV1.csproj", "{BB4F1A49-A4C9-4B82-9FDF-BF9637BA36E8}"
EndProject
Project("{FAE04EC0-301F-11D3-BF4B-00C04F79EFBC}") = "Numerology", "..\Numerology\Numerology.csproj", "{618EEA47-0365-4B8B-806B-602134416C7A}"
EndProject
Project("{FAE04EC0-301F-11D3-BF4B-00C04F79EFBC}") = "PassByFunc", "..\PassByActionGenericV2\PassByFUnc.csproj", "{434B8A53-0B9E-48E4-9546-5CD913579E40}"
EndProject
Global
	GlobalSection(SolutionConfigurationPlatforms) = preSolution
		Debug|Any CPU = Debug|Any CPU
		Release|Any CPU = Release|Any CPU
	EndGlobalSection
	GlobalSection(ProjectConfigurationPlatforms) = postSolution
		{7FACB89C-B5B0-4CEC-90C3-6179FF3C0A93}.Debug|Any CPU.ActiveCfg = Debug|Any CPU
		{7FACB89C-B5B0-4CEC-90C3-6179FF3C0A93}.Debug|Any CPU.Build.0 = Debug|Any CPU
		{7FACB89C-B5B0-4CEC-90C3-6179FF3C0A93}.Release|Any CPU.ActiveCfg = Release|Any CPU
		{7FACB89C-B5B0-4CEC-90C3-6179FF3C0A93}.Release|Any CPU.Build.0 = Release|Any CPU
		{10EB8A1B-8E49-43AD-9B06-AF2AA0D21AFF}.Debug|Any CPU.ActiveCfg = Debug|Any CPU
		{10EB8A1B-8E49-43AD-9B06-AF2AA0D21AFF}.Debug|Any CPU.Build.0 = Debug|Any CPU
		{10EB8A1B-8E49-43AD-9B06-AF2AA0D21AFF}.Release|Any CPU.ActiveCfg = Release|Any CPU
		{10EB8A1B-8E49-43AD-9B06-AF2AA0D21AFF}.Release|Any CPU.Build.0 = Release|Any CPU
		{FE12CCAE-12BC-4B12-8ADA-C74780E7D73C}.Debug|Any CPU.ActiveCfg = Debug|Any CPU
		{FE12CCAE-12BC-4B12-8ADA-C74780E7D73C}.Debug|Any CPU.Build.0 = Debug|Any CPU
		{FE12CCAE-12BC-4B12-8ADA-C74780E7D73C}.Release|Any CPU.ActiveCfg = Release|Any CPU
		{FE12CCAE-12BC-4B12-8ADA-C74780E7D73C}.Release|Any CPU.Build.0 = Release|Any CPU
		{F51ED0B4-54EE-4E10-BB3C-F2AA81FF5D05}.Debug|Any CPU.ActiveCfg = Debug|Any CPU
		{F51ED0B4-54EE-4E10-BB3C-F2AA81FF5D05}.Debug|Any CPU.Build.0 = Debug|Any CPU
		{F51ED0B4-54EE-4E10-BB3C-F2AA81FF5D05}.Release|Any CPU.ActiveCfg = Release|Any CPU
		{F51ED0B4-54EE-4E10-BB3C-F2AA81FF5D05}.Release|Any CPU.Build.0 = Release|Any CPU
		{E3B2668E-76A0-47D2-9EF1-9816D60E9A64}.Debug|Any CPU.ActiveCfg = Debug|Any CPU
		{E3B2668E-76A0-47D2-9EF1-9816D60E9A64}.Debug|Any CPU.Build.0 = Debug|Any CPU
		{E3B2668E-76A0-47D2-9EF1-9816D60E9A64}.Release|Any CPU.ActiveCfg = Release|Any CPU
		{E3B2668E-76A0-47D2-9EF1-9816D60E9A64}.Release|Any CPU.Build.0 = Release|Any CPU
		{BB4F1A49-A4C9-4B82-9FDF-BF9637BA36E8}.Debug|Any CPU.ActiveCfg = Debug|Any CPU
		{BB4F1A49-A4C9-4B82-9FDF-BF9637BA36E8}.Debug|Any CPU.Build.0 = Debug|Any CPU
		{BB4F1A49-A4C9-4B82-9FDF-BF9637BA36E8}.Release|Any CPU.ActiveCfg = Release|Any CPU
		{BB4F1A49-A4C9-4B82-9FDF-BF9637BA36E8}.Release|Any CPU.Build.0 = Release|Any CPU
		{618EEA47-0365-4B8B-806B-602134416C7A}.Debug|Any CPU.ActiveCfg = Debug|Any CPU
		{618EEA47-0365-4B8B-806B-602134416C7A}.Debug|Any CPU.Build.0 = Debug|Any CPU
		{618EEA47-0365-4B8B-806B-602134416C7A}.Release|Any CPU.ActiveCfg = Release|Any CPU
		{618EEA47-0365-4B8B-806B-602134416C7A}.Release|Any CPU.Build.0 = Release|Any CPU
		{434B8A53-0B9E-48E4-9546-5CD913579E40}.Debug|Any CPU.ActiveCfg = Debug|Any CPU
		{434B8A53-0B9E-48E4-9546-5CD913579E40}.Debug|Any CPU.Build.0 = Debug|Any CPU
		{434B8A53-0B9E-48E4-9546-5CD913579E40}.Release|Any CPU.ActiveCfg = Release|Any CPU
		{434B8A53-0B9E-48E4-9546-5CD913579E40}.Release|Any CPU.Build.0 = Release|Any CPU
	EndGlobalSection
	GlobalSection(SolutionProperties) = preSolution
		HideSolutionNode = FALSE
	EndGlobalSection
	GlobalSection(ExtensibilityGlobals) = postSolution
		SolutionGuid = {5D051D4C-9B50-4DD8-8D1B-3388A74ABCB4}
	EndGlobalSection
EndGlobal
