
Microsoft Visual Studio Solution File, Format Version 12.00
# Visual Studio Version 16
VisualStudioVersion = 25.0.1706.7
MinimumVisualStudioVersion = 10.0.40219.1
Project("{FAE04EC0-301F-11D3-BF4B-00C04F79EFBC}") = "Delegate", "Delegate.csproj", "{037B2C69-B73F-4D1B-AEF7-87C62BEAE3D3}"
EndProject
Global
	GlobalSection(SolutionConfigurationPlatforms) = preSolution
		Debug|Any CPU = Debug|Any CPU
		Release|Any CPU = Release|Any CPU
	EndGlobalSection
	GlobalSection(ProjectConfigurationPlatforms) = postSolution
		{037B2C69-B73F-4D1B-AEF7-87C62BEAE3D3}.Debug|Any CPU.ActiveCfg = Debug|Any CPU
		{037B2C69-B73F-4D1B-AEF7-87C62BEAE3D3}.Debug|Any CPU.Build.0 = Debug|Any CPU
		{037B2C69-B73F-4D1B-AEF7-87C62BEAE3D3}.Release|Any CPU.ActiveCfg = Release|Any CPU
		{037B2C69-B73F-4D1B-AEF7-87C62BEAE3D3}.Release|Any CPU.Build.0 = Release|Any CPU
	EndGlobalSection
	GlobalSection(SolutionProperties) = preSolution
		HideSolutionNode = FALSE
	EndGlobalSection
	GlobalSection(ExtensibilityGlobals) = postSolution
		SolutionGuid = {23204951-03E1-4E22-A9F2-62A0783238D5}
	EndGlobalSection
EndGlobal
