
Microsoft Visual Studio Solution File, Format Version 12.00
# Visual Studio Version 17
VisualStudioVersion = 17.9.34622.214
MinimumVisualStudioVersion = 10.0.40219.1
Project("{9A19103F-16F7-4668-BE54-9A1E7A4F7556}") = "BookManagement_NhatMaiMinh", "BookManagement_NhatMaiMinh\BookManagement_NhatMaiMinh.csproj", "{33026D0D-D1E3-4D7A-8767-EA8B4A29E8B6}"
EndProject
Project("{FAE04EC0-301F-11D3-BF4B-00C04F79EFBC}") = "Repositories", "Repositories\Repositories.csproj", "{BA820B4E-563D-492F-BD96-35B327FA26FC}"
EndProject
Project("{FAE04EC0-301F-11D3-BF4B-00C04F79EFBC}") = "Services", "Services\Services.csproj", "{5BC36CFC-854B-481F-AD31-257EAC3D61D9}"
EndProject
Global
	GlobalSection(SolutionConfigurationPlatforms) = preSolution
		Debug|Any CPU = Debug|Any CPU
		Release|Any CPU = Release|Any CPU
	EndGlobalSection
	GlobalSection(ProjectConfigurationPlatforms) = postSolution
		{33026D0D-D1E3-4D7A-8767-EA8B4A29E8B6}.Debug|Any CPU.ActiveCfg = Debug|Any CPU
		{33026D0D-D1E3-4D7A-8767-EA8B4A29E8B6}.Debug|Any CPU.Build.0 = Debug|Any CPU
		{33026D0D-D1E3-4D7A-8767-EA8B4A29E8B6}.Release|Any CPU.ActiveCfg = Release|Any CPU
		{33026D0D-D1E3-4D7A-8767-EA8B4A29E8B6}.Release|Any CPU.Build.0 = Release|Any CPU
		{BA820B4E-563D-492F-BD96-35B327FA26FC}.Debug|Any CPU.ActiveCfg = Debug|Any CPU
		{BA820B4E-563D-492F-BD96-35B327FA26FC}.Debug|Any CPU.Build.0 = Debug|Any CPU
		{BA820B4E-563D-492F-BD96-35B327FA26FC}.Release|Any CPU.ActiveCfg = Release|Any CPU
		{BA820B4E-563D-492F-BD96-35B327FA26FC}.Release|Any CPU.Build.0 = Release|Any CPU
		{5BC36CFC-854B-481F-AD31-257EAC3D61D9}.Debug|Any CPU.ActiveCfg = Debug|Any CPU
		{5BC36CFC-854B-481F-AD31-257EAC3D61D9}.Debug|Any CPU.Build.0 = Debug|Any CPU
		{5BC36CFC-854B-481F-AD31-257EAC3D61D9}.Release|Any CPU.ActiveCfg = Release|Any CPU
		{5BC36CFC-854B-481F-AD31-257EAC3D61D9}.Release|Any CPU.Build.0 = Release|Any CPU
	EndGlobalSection
	GlobalSection(SolutionProperties) = preSolution
		HideSolutionNode = FALSE
	EndGlobalSection
	GlobalSection(ExtensibilityGlobals) = postSolution
		SolutionGuid = {F93CBAEC-D95F-487B-9002-46D991016891}
	EndGlobalSection
EndGlobal
