
Microsoft Visual Studio Solution File, Format Version 12.00
# Visual Studio Version 16
VisualStudioVersion = 25.0.1706.7
MinimumVisualStudioVersion = 10.0.40219.1
Project("{FAE04EC0-301F-11D3-BF4B-00C04F79EFBC}") = "ActionDelegate", "ActionDelegate.csproj", "{75B94CAB-38A8-44CA-9FF1-24CA9B4C492A}"
EndProject
Project("{FAE04EC0-301F-11D3-BF4B-00C04F79EFBC}") = "ActionGenericDelegate", "..\ActionGenericDelegate\ActionGenericDelegate.csproj", "{0191A0A9-4D41-414E-809E-0B0D5D162E7E}"
EndProject
Project("{FAE04EC0-301F-11D3-BF4B-00C04F79EFBC}") = "FuncDelegate", "..\FuncDelegate\FuncDelegate.csproj", "{D6068225-4F4B-409B-9076-6F1B92840CED}"
EndProject
Global
	GlobalSection(SolutionConfigurationPlatforms) = preSolution
		Debug|Any CPU = Debug|Any CPU
		Release|Any CPU = Release|Any CPU
	EndGlobalSection
	GlobalSection(ProjectConfigurationPlatforms) = postSolution
		{75B94CAB-38A8-44CA-9FF1-24CA9B4C492A}.Debug|Any CPU.ActiveCfg = Debug|Any CPU
		{75B94CAB-38A8-44CA-9FF1-24CA9B4C492A}.Debug|Any CPU.Build.0 = Debug|Any CPU
		{75B94CAB-38A8-44CA-9FF1-24CA9B4C492A}.Release|Any CPU.ActiveCfg = Release|Any CPU
		{75B94CAB-38A8-44CA-9FF1-24CA9B4C492A}.Release|Any CPU.Build.0 = Release|Any CPU
		{0191A0A9-4D41-414E-809E-0B0D5D162E7E}.Debug|Any CPU.ActiveCfg = Debug|Any CPU
		{0191A0A9-4D41-414E-809E-0B0D5D162E7E}.Debug|Any CPU.Build.0 = Debug|Any CPU
		{0191A0A9-4D41-414E-809E-0B0D5D162E7E}.Release|Any CPU.ActiveCfg = Release|Any CPU
		{0191A0A9-4D41-414E-809E-0B0D5D162E7E}.Release|Any CPU.Build.0 = Release|Any CPU
		{D6068225-4F4B-409B-9076-6F1B92840CED}.Debug|Any CPU.ActiveCfg = Debug|Any CPU
		{D6068225-4F4B-409B-9076-6F1B92840CED}.Debug|Any CPU.Build.0 = Debug|Any CPU
		{D6068225-4F4B-409B-9076-6F1B92840CED}.Release|Any CPU.ActiveCfg = Release|Any CPU
		{D6068225-4F4B-409B-9076-6F1B92840CED}.Release|Any CPU.Build.0 = Release|Any CPU
	EndGlobalSection
	GlobalSection(SolutionProperties) = preSolution
		HideSolutionNode = FALSE
	EndGlobalSection
	GlobalSection(ExtensibilityGlobals) = postSolution
		SolutionGuid = {C9B748A3-381F-4B62-B671-77C55F748E7D}
	EndGlobalSection
EndGlobal
