
Microsoft Visual Studio Solution File, Format Version 12.00
# Visual Studio Version 16
VisualStudioVersion = 25.0.1706.7
MinimumVisualStudioVersion = 10.0.40219.1
Project("{FAE04EC0-301F-11D3-BF4B-00C04F79EFBC}") = "HelloWorld", "HelloWorld.csproj", "{53A8A8E7-FDBE-4570-8B3A-02EF5598B97D}"
EndProject
Global
	GlobalSection(SolutionConfigurationPlatforms) = preSolution
		Debug|Any CPU = Debug|Any CPU
		Release|Any CPU = Release|Any CPU
	EndGlobalSection
	GlobalSection(ProjectConfigurationPlatforms) = postSolution
		{53A8A8E7-FDBE-4570-8B3A-02EF5598B97D}.Debug|Any CPU.ActiveCfg = Debug|Any CPU
		{53A8A8E7-FDBE-4570-8B3A-02EF5598B97D}.Debug|Any CPU.Build.0 = Debug|Any CPU
		{53A8A8E7-FDBE-4570-8B3A-02EF5598B97D}.Release|Any CPU.ActiveCfg = Release|Any CPU
		{53A8A8E7-FDBE-4570-8B3A-02EF5598B97D}.Release|Any CPU.Build.0 = Release|Any CPU
	EndGlobalSection
	GlobalSection(SolutionProperties) = preSolution
		HideSolutionNode = FALSE
	EndGlobalSection
	GlobalSection(ExtensibilityGlobals) = postSolution
		SolutionGuid = {E4F3B245-34A8-4C42-B239-D57E3AAFFFB7}
	EndGlobalSection
EndGlobal
