
Microsoft Visual Studio Solution File, Format Version 12.00
# Visual Studio Version 17
VisualStudioVersion = 17.7.34024.191
MinimumVisualStudioVersion = 10.0.40219.1
Project("{FAE04EC0-301F-11D3-BF4B-00C04F79EFBC}") = "Giaolang.LINQ.V3.StudentMgt", "Giaolang.LINQ.V3.StudentMgt\Giaolang.LINQ.V3.StudentMgt.csproj", "{BBB05D3D-07EF-45C0-BDDE-D7B1301422FC}"
EndProject
Global
	GlobalSection(SolutionConfigurationPlatforms) = preSolution
		Debug|Any CPU = Debug|Any CPU
		Release|Any CPU = Release|Any CPU
	EndGlobalSection
	GlobalSection(ProjectConfigurationPlatforms) = postSolution
		{BBB05D3D-07EF-45C0-BDDE-D7B1301422FC}.Debug|Any CPU.ActiveCfg = Debug|Any CPU
		{BBB05D3D-07EF-45C0-BDDE-D7B1301422FC}.Debug|Any CPU.Build.0 = Debug|Any CPU
		{BBB05D3D-07EF-45C0-BDDE-D7B1301422FC}.Release|Any CPU.ActiveCfg = Release|Any CPU
		{BBB05D3D-07EF-45C0-BDDE-D7B1301422FC}.Release|Any CPU.Build.0 = Release|Any CPU
	EndGlobalSection
	GlobalSection(SolutionProperties) = preSolution
		HideSolutionNode = FALSE
	EndGlobalSection
	GlobalSection(ExtensibilityGlobals) = postSolution
		SolutionGuid = {7CBECA2A-B047-4DBE-B9F3-A9697E4C6600}
	EndGlobalSection
EndGlobal
